# This file is automatically @generated by Cargo.
# It is not intended for manual editing.
version = 4

[[package]]
name = "other"
version = "0.1.0"
dependencies = [
 "proc",
]

[[package]]
name = "proc"
version = "0.1.0"

[[package]]
name = "rust-bug"
version = "0.1.0"
dependencies = [
 "other",
]
